// !$*UTF8*$!
{
	archiveVersion = 1;
	classes = {
	};
	objectVersion = 50;
	objects = {

/* Begin PBXBuildFile section */
		0D123CB020C4D4FA00570780 /* UIAlertController.swift in Sources */ = {isa = PBXBuildFile; fileRef = 0D123CAF20C4D4FA00570780 /* UIAlertController.swift */; };
		0D366B8520C3C0C10013C06A /* AppDelegate.swift in Sources */ = {isa = PBXBuildFile; fileRef = 0D366B8420C3C0C10013C06A /* AppDelegate.swift */; };
		0D366B8720C3C0C10013C06A /* ViewController.swift in Sources */ = {isa = PBXBuildFile; fileRef = 0D366B8620C3C0C10013C06A /* ViewController.swift */; };
		0D366B8A20C3C0C10013C06A /* Main.storyboard in Resources */ = {isa = PBXBuildFile; fileRef = 0D366B8820C3C0C10013C06A /* Main.storyboard */; };
		0D366B8C20C3C0C20013C06A /* Assets.xcassets in Resources */ = {isa = PBXBuildFile; fileRef = 0D366B8B20C3C0C20013C06A /* Assets.xcassets */; };
		0D366B8F20C3C0C20013C06A /* LaunchScreen.storyboard in Resources */ = {isa = PBXBuildFile; fileRef = 0D366B8D20C3C0C20013C06A /* LaunchScreen.storyboard */; };
		0D366B9A20C3C0C20013C06A /* ECFindMeTests.swift in Sources */ = {isa = PBXBuildFile; fileRef = 0D366B9920C3C0C20013C06A /* ECFindMeTests.swift */; };
		0D366BA520C3C0C20013C06A /* ECFindMeUITests.swift in Sources */ = {isa = PBXBuildFile; fileRef = 0D366BA420C3C0C20013C06A /* ECFindMeUITests.swift */; };
		0D366BBD20C3CCE90013C06A /* DisplayAlert.swift in Sources */ = {isa = PBXBuildFile; fileRef = 0D366BBC20C3CCE90013C06A /* DisplayAlert.swift */; };
		0D366BC020C3CDB60013C06A /* LocationManagerDelegate.swift in Sources */ = {isa = PBXBuildFile; fileRef = 0D366BBF20C3CDB60013C06A /* LocationManagerDelegate.swift */; };
		0D366BC320C3CE9F0013C06A /* Reachability.swift in Sources */ = {isa = PBXBuildFile; fileRef = 0D366BC220C3CE9F0013C06A /* Reachability.swift */; };
		0D366BC520C3CEB80013C06A /* TypeCastConv.swift in Sources */ = {isa = PBXBuildFile; fileRef = 0D366BC420C3CEB80013C06A /* TypeCastConv.swift */; };
		0D366BC920C3DB810013C06A /* NaviUsage.swift in Sources */ = {isa = PBXBuildFile; fileRef = 0D366BC820C3DB810013C06A /* NaviUsage.swift */; };
		0D6E091520C6348900376C1F /* CustCLLocationManager.swift in Sources */ = {isa = PBXBuildFile; fileRef = 0D6E091420C6348900376C1F /* CustCLLocationManager.swift */; };
		0D7328BE20C46B7F00222BD9 /* LockUsage.swift in Sources */ = {isa = PBXBuildFile; fileRef = 0D7328BD20C46B7F00222BD9 /* LockUsage.swift */; };
		0D75807920C4C493005ECAF7 /* UINavigationControllerExt.swift in Sources */ = {isa = PBXBuildFile; fileRef = 0D75807820C4C493005ECAF7 /* UINavigationControllerExt.swift */; };
		0D75CB7B20C750820073F582 /* DataBase.swift in Sources */ = {isa = PBXBuildFile; fileRef = 0D75CB7A20C750820073F582 /* DataBase.swift */; };
		0D75CB7E20C750820073F582 /* AppSettings+CoreDataClass.swift in Sources */ = {isa = PBXBuildFile; fileRef = 0D75CB7C20C750820073F582 /* AppSettings+CoreDataClass.swift */; };
		0D75CB7F20C750820073F582 /* AppSettings+CoreDataProperties.swift in Sources */ = {isa = PBXBuildFile; fileRef = 0D75CB7D20C750820073F582 /* AppSettings+CoreDataProperties.swift */; };
		0D86174920C673C200E4989B /* LocationItem+CoreDataClass.swift in Sources */ = {isa = PBXBuildFile; fileRef = 0D86174520C673C200E4989B /* LocationItem+CoreDataClass.swift */; };
		0D86174A20C673C200E4989B /* LocationItem+CoreDataProperties.swift in Sources */ = {isa = PBXBuildFile; fileRef = 0D86174620C673C200E4989B /* LocationItem+CoreDataProperties.swift */; };
		0D86174B20C673C200E4989B /* LocationList+CoreDataClass.swift in Sources */ = {isa = PBXBuildFile; fileRef = 0D86174720C673C200E4989B /* LocationList+CoreDataClass.swift */; };
		0D86174C20C673C200E4989B /* LocationList+CoreDataProperties.swift in Sources */ = {isa = PBXBuildFile; fileRef = 0D86174820C673C200E4989B /* LocationList+CoreDataProperties.swift */; };
		0D86174E20C6766A00E4989B /* CoreDataManager.swift in Sources */ = {isa = PBXBuildFile; fileRef = 0D86174D20C6766A00E4989B /* CoreDataManager.swift */; };
		0D86175020C70B0100E4989B /* CoreDataManagerExt.swift in Sources */ = {isa = PBXBuildFile; fileRef = 0D86174F20C70B0100E4989B /* CoreDataManagerExt.swift */; };
		0DA4328220C5C58100FCAB33 /* DataModel.xcdatamodeld in Sources */ = {isa = PBXBuildFile; fileRef = 0DA4328020C5C58100FCAB33 /* DataModel.xcdatamodeld */; };
		0DCFC8A520CA1F4100BBFC45 /* LogViewController.storyboard in Resources */ = {isa = PBXBuildFile; fileRef = 0DCFC8A420CA1F4100BBFC45 /* LogViewController.storyboard */; };
		0DCFC8AB20CA422900BBFC45 /* LogViewController.swift in Sources */ = {isa = PBXBuildFile; fileRef = 0DCFC8AA20CA422900BBFC45 /* LogViewController.swift */; };
		0DCFC8AD20CA425B00BBFC45 /* NSObjectExt.swift in Sources */ = {isa = PBXBuildFile; fileRef = 0DCFC8AC20CA425B00BBFC45 /* NSObjectExt.swift */; };
		0DCFC8AF20CA4A0300BBFC45 /* LogViewNaviController.swift in Sources */ = {isa = PBXBuildFile; fileRef = 0DCFC8AE20CA4A0300BBFC45 /* LogViewNaviController.swift */; };
/* End PBXBuildFile section */

/* Begin PBXContainerItemProxy section */
		0D366B9620C3C0C20013C06A /* PBXContainerItemProxy */ = {
			isa = PBXContainerItemProxy;
			containerPortal = 0D366B7920C3C0C00013C06A /* Project object */;
			proxyType = 1;
			remoteGlobalIDString = 0D366B8020C3C0C00013C06A;
			remoteInfo = ECFindMe;
		};
		0D366BA120C3C0C20013C06A /* PBXContainerItemProxy */ = {
			isa = PBXContainerItemProxy;
			containerPortal = 0D366B7920C3C0C00013C06A /* Project object */;
			proxyType = 1;
			remoteGlobalIDString = 0D366B8020C3C0C00013C06A;
			remoteInfo = ECFindMe;
		};
/* End PBXContainerItemProxy section */

/* Begin PBXFileReference section */
		0D123CAF20C4D4FA00570780 /* UIAlertController.swift */ = {isa = PBXFileReference; lastKnownFileType = sourcecode.swift; path = UIAlertController.swift; sourceTree = "<group>"; };
		0D366B8120C3C0C10013C06A /* ECFindMe.app */ = {isa = PBXFileReference; explicitFileType = wrapper.application; includeInIndex = 0; path = ECFindMe.app; sourceTree = BUILT_PRODUCTS_DIR; };
		0D366B8420C3C0C10013C06A /* AppDelegate.swift */ = {isa = PBXFileReference; lastKnownFileType = sourcecode.swift; path = AppDelegate.swift; sourceTree = "<group>"; };
		0D366B8620C3C0C10013C06A /* ViewController.swift */ = {isa = PBXFileReference; lastKnownFileType = sourcecode.swift; path = ViewController.swift; sourceTree = "<group>"; };
		0D366B8920C3C0C10013C06A /* Base */ = {isa = PBXFileReference; lastKnownFileType = file.storyboard; name = Base; path = Base.lproj/Main.storyboard; sourceTree = "<group>"; };
		0D366B8B20C3C0C20013C06A /* Assets.xcassets */ = {isa = PBXFileReference; lastKnownFileType = folder.assetcatalog; path = Assets.xcassets; sourceTree = "<group>"; };
		0D366B8E20C3C0C20013C06A /* Base */ = {isa = PBXFileReference; lastKnownFileType = file.storyboard; name = Base; path = Base.lproj/LaunchScreen.storyboard; sourceTree = "<group>"; };
		0D366B9020C3C0C20013C06A /* Info.plist */ = {isa = PBXFileReference; lastKnownFileType = text.plist.xml; path = Info.plist; sourceTree = "<group>"; };
		0D366B9520C3C0C20013C06A /* ECFindMeTests.xctest */ = {isa = PBXFileReference; explicitFileType = wrapper.cfbundle; includeInIndex = 0; path = ECFindMeTests.xctest; sourceTree = BUILT_PRODUCTS_DIR; };
		0D366B9920C3C0C20013C06A /* ECFindMeTests.swift */ = {isa = PBXFileReference; lastKnownFileType = sourcecode.swift; path = ECFindMeTests.swift; sourceTree = "<group>"; };
		0D366B9B20C3C0C20013C06A /* Info.plist */ = {isa = PBXFileReference; lastKnownFileType = text.plist.xml; path = Info.plist; sourceTree = "<group>"; };
		0D366BA020C3C0C20013C06A /* ECFindMeUITests.xctest */ = {isa = PBXFileReference; explicitFileType = wrapper.cfbundle; includeInIndex = 0; path = ECFindMeUITests.xctest; sourceTree = BUILT_PRODUCTS_DIR; };
		0D366BA420C3C0C20013C06A /* ECFindMeUITests.swift */ = {isa = PBXFileReference; lastKnownFileType = sourcecode.swift; path = ECFindMeUITests.swift; sourceTree = "<group>"; };
		0D366BA620C3C0C20013C06A /* Info.plist */ = {isa = PBXFileReference; lastKnownFileType = text.plist.xml; path = Info.plist; sourceTree = "<group>"; };
		0D366BBC20C3CCE90013C06A /* DisplayAlert.swift */ = {isa = PBXFileReference; lastKnownFileType = sourcecode.swift; path = DisplayAlert.swift; sourceTree = "<group>"; };
		0D366BBF20C3CDB60013C06A /* LocationManagerDelegate.swift */ = {isa = PBXFileReference; lastKnownFileType = sourcecode.swift; path = LocationManagerDelegate.swift; sourceTree = "<group>"; };
		0D366BC220C3CE9F0013C06A /* Reachability.swift */ = {isa = PBXFileReference; lastKnownFileType = sourcecode.swift; path = Reachability.swift; sourceTree = "<group>"; };
		0D366BC420C3CEB80013C06A /* TypeCastConv.swift */ = {isa = PBXFileReference; lastKnownFileType = sourcecode.swift; path = TypeCastConv.swift; sourceTree = "<group>"; };
		0D366BC820C3DB810013C06A /* NaviUsage.swift */ = {isa = PBXFileReference; lastKnownFileType = sourcecode.swift; path = NaviUsage.swift; sourceTree = "<group>"; };
		0D6E091420C6348900376C1F /* CustCLLocationManager.swift */ = {isa = PBXFileReference; lastKnownFileType = sourcecode.swift; path = CustCLLocationManager.swift; sourceTree = "<group>"; };
		0D7328BD20C46B7F00222BD9 /* LockUsage.swift */ = {isa = PBXFileReference; lastKnownFileType = sourcecode.swift; path = LockUsage.swift; sourceTree = "<group>"; };
		0D75807820C4C493005ECAF7 /* UINavigationControllerExt.swift */ = {isa = PBXFileReference; lastKnownFileType = sourcecode.swift; path = UINavigationControllerExt.swift; sourceTree = "<group>"; };
		0D75CB7A20C750820073F582 /* DataBase.swift */ = {isa = PBXFileReference; lastKnownFileType = sourcecode.swift; path = DataBase.swift; sourceTree = "<group>"; };
		0D75CB7C20C750820073F582 /* AppSettings+CoreDataClass.swift */ = {isa = PBXFileReference; lastKnownFileType = sourcecode.swift; path = "AppSettings+CoreDataClass.swift"; sourceTree = "<group>"; };
		0D75CB7D20C750820073F582 /* AppSettings+CoreDataProperties.swift */ = {isa = PBXFileReference; lastKnownFileType = sourcecode.swift; path = "AppSettings+CoreDataProperties.swift"; sourceTree = "<group>"; };
		0D86174520C673C200E4989B /* LocationItem+CoreDataClass.swift */ = {isa = PBXFileReference; lastKnownFileType = sourcecode.swift; path = "LocationItem+CoreDataClass.swift"; sourceTree = "<group>"; };
		0D86174620C673C200E4989B /* LocationItem+CoreDataProperties.swift */ = {isa = PBXFileReference; lastKnownFileType = sourcecode.swift; path = "LocationItem+CoreDataProperties.swift"; sourceTree = "<group>"; };
		0D86174720C673C200E4989B /* LocationList+CoreDataClass.swift */ = {isa = PBXFileReference; lastKnownFileType = sourcecode.swift; path = "LocationList+CoreDataClass.swift"; sourceTree = "<group>"; };
		0D86174820C673C200E4989B /* LocationList+CoreDataProperties.swift */ = {isa = PBXFileReference; lastKnownFileType = sourcecode.swift; path = "LocationList+CoreDataProperties.swift"; sourceTree = "<group>"; };
		0D86174D20C6766A00E4989B /* CoreDataManager.swift */ = {isa = PBXFileReference; lastKnownFileType = sourcecode.swift; path = CoreDataManager.swift; sourceTree = "<group>"; };
		0D86174F20C70B0100E4989B /* CoreDataManagerExt.swift */ = {isa = PBXFileReference; lastKnownFileType = sourcecode.swift; path = CoreDataManagerExt.swift; sourceTree = "<group>"; };
		0DA4328120C5C58100FCAB33 /* DataModel.xcdatamodel */ = {isa = PBXFileReference; lastKnownFileType = wrapper.xcdatamodel; path = DataModel.xcdatamodel; sourceTree = "<group>"; };
		0DCFC8A420CA1F4100BBFC45 /* LogViewController.storyboard */ = {isa = PBXFileReference; lastKnownFileType = file.storyboard; path = LogViewController.storyboard; sourceTree = "<group>"; };
		0DCFC8AA20CA422900BBFC45 /* LogViewController.swift */ = {isa = PBXFileReference; lastKnownFileType = sourcecode.swift; path = LogViewController.swift; sourceTree = "<group>"; };
		0DCFC8AC20CA425B00BBFC45 /* NSObjectExt.swift */ = {isa = PBXFileReference; lastKnownFileType = sourcecode.swift; path = NSObjectExt.swift; sourceTree = "<group>"; };
		0DCFC8AE20CA4A0300BBFC45 /* LogViewNaviController.swift */ = {isa = PBXFileReference; lastKnownFileType = sourcecode.swift; path = LogViewNaviController.swift; sourceTree = "<group>"; };
/* End PBXFileReference section */

/* Begin PBXFrameworksBuildPhase section */
		0D366B7E20C3C0C00013C06A /* Frameworks */ = {
			isa = PBXFrameworksBuildPhase;
			buildActionMask = 2147483647;
			files = (
			);
			runOnlyForDeploymentPostprocessing = 0;
		};
		0D366B9220C3C0C20013C06A /* Frameworks */ = {
			isa = PBXFrameworksBuildPhase;
			buildActionMask = 2147483647;
			files = (
			);
			runOnlyForDeploymentPostprocessing = 0;
		};
		0D366B9D20C3C0C20013C06A /* Frameworks */ = {
			isa = PBXFrameworksBuildPhase;
			buildActionMask = 2147483647;
			files = (
			);
			runOnlyForDeploymentPostprocessing = 0;
		};
/* End PBXFrameworksBuildPhase section */

/* Begin PBXGroup section */
		0D123CB120C4D52E00570780 /* Alerts */ = {
			isa = PBXGroup;
			children = (
				0D366BBC20C3CCE90013C06A /* DisplayAlert.swift */,
				0D123CAF20C4D4FA00570780 /* UIAlertController.swift */,
			);
			path = Alerts;
			sourceTree = "<group>";
		};
		0D123CB220C4D56D00570780 /* MainView */ = {
			isa = PBXGroup;
			children = (
				0D366B8620C3C0C10013C06A /* ViewController.swift */,
				0D6E091420C6348900376C1F /* CustCLLocationManager.swift */,
				0D366BBF20C3CDB60013C06A /* LocationManagerDelegate.swift */,
				0D7328BD20C46B7F00222BD9 /* LockUsage.swift */,
				0D366BC820C3DB810013C06A /* NaviUsage.swift */,
			);
			path = MainView;
			sourceTree = "<group>";
		};
		0D366B7820C3C0C00013C06A = {
			isa = PBXGroup;
			children = (
				0D366B8320C3C0C10013C06A /* ECFindMe */,
				0D366B9820C3C0C20013C06A /* ECFindMeTests */,
				0D366BA320C3C0C20013C06A /* ECFindMeUITests */,
				0D366B8220C3C0C10013C06A /* Products */,
			);
			sourceTree = "<group>";
		};
		0D366B8220C3C0C10013C06A /* Products */ = {
			isa = PBXGroup;
			children = (
				0D366B8120C3C0C10013C06A /* ECFindMe.app */,
				0D366B9520C3C0C20013C06A /* ECFindMeTests.xctest */,
				0D366BA020C3C0C20013C06A /* ECFindMeUITests.xctest */,
			);
			name = Products;
			sourceTree = "<group>";
		};
		0D366B8320C3C0C10013C06A /* ECFindMe */ = {
			isa = PBXGroup;
			children = (
				0D366B8420C3C0C10013C06A /* AppDelegate.swift */,
				0D366B8B20C3C0C20013C06A /* Assets.xcassets */,
				0D366B9020C3C0C20013C06A /* Info.plist */,
				0D797F1620C9A81E00F93416 /* StoryBoards */,
				0D123CB220C4D56D00570780 /* MainView */,
				0D797F1B20C9B34200F93416 /* LogView */,
				0D123CB120C4D52E00570780 /* Alerts */,
				0DA4327F20C5C53200FCAB33 /* Core Data */,
				0D366BC120C3CE420013C06A /* Library API */,
			);
			path = ECFindMe;
			sourceTree = "<group>";
		};
		0D366B9820C3C0C20013C06A /* ECFindMeTests */ = {
			isa = PBXGroup;
			children = (
				0D366B9920C3C0C20013C06A /* ECFindMeTests.swift */,
				0D366B9B20C3C0C20013C06A /* Info.plist */,
			);
			path = ECFindMeTests;
			sourceTree = "<group>";
		};
		0D366BA320C3C0C20013C06A /* ECFindMeUITests */ = {
			isa = PBXGroup;
			children = (
				0D366BA420C3C0C20013C06A /* ECFindMeUITests.swift */,
				0D366BA620C3C0C20013C06A /* Info.plist */,
			);
			path = ECFindMeUITests;
			sourceTree = "<group>";
		};
		0D366BC120C3CE420013C06A /* Library API */ = {
			isa = PBXGroup;
			children = (
				0D366BC220C3CE9F0013C06A /* Reachability.swift */,
				0D366BC420C3CEB80013C06A /* TypeCastConv.swift */,
				0DCFC8AC20CA425B00BBFC45 /* NSObjectExt.swift */,
				0D75807820C4C493005ECAF7 /* UINavigationControllerExt.swift */,
			);
			path = "Library API";
			sourceTree = "<group>";
		};
		0D797F1620C9A81E00F93416 /* StoryBoards */ = {
			isa = PBXGroup;
			children = (
				0D366B8D20C3C0C20013C06A /* LaunchScreen.storyboard */,
				0D366B8820C3C0C10013C06A /* Main.storyboard */,
				0DCFC8A420CA1F4100BBFC45 /* LogViewController.storyboard */,
			);
			path = StoryBoards;
			sourceTree = "<group>";
		};
		0D797F1B20C9B34200F93416 /* LogView */ = {
			isa = PBXGroup;
			children = (
				0DCFC8AE20CA4A0300BBFC45 /* LogViewNaviController.swift */,
				0DCFC8AA20CA422900BBFC45 /* LogViewController.swift */,
			);
			path = LogView;
			sourceTree = "<group>";
		};
		0DA4327F20C5C53200FCAB33 /* Core Data */ = {
			isa = PBXGroup;
			children = (
				0DA4328020C5C58100FCAB33 /* DataModel.xcdatamodeld */,
				0D86174D20C6766A00E4989B /* CoreDataManager.swift */,
				0D86174F20C70B0100E4989B /* CoreDataManagerExt.swift */,
				0D75CB7C20C750820073F582 /* AppSettings+CoreDataClass.swift */,
				0D75CB7D20C750820073F582 /* AppSettings+CoreDataProperties.swift */,
				0D75CB7A20C750820073F582 /* DataBase.swift */,
				0D86174520C673C200E4989B /* LocationItem+CoreDataClass.swift */,
				0D86174620C673C200E4989B /* LocationItem+CoreDataProperties.swift */,
				0D86174720C673C200E4989B /* LocationList+CoreDataClass.swift */,
				0D86174820C673C200E4989B /* LocationList+CoreDataProperties.swift */,
			);
			path = "Core Data";
			sourceTree = "<group>";
		};
/* End PBXGroup section */

/* Begin PBXNativeTarget section */
		0D366B8020C3C0C00013C06A /* ECFindMe */ = {
			isa = PBXNativeTarget;
			buildConfigurationList = 0D366BA920C3C0C20013C06A /* Build configuration list for PBXNativeTarget "ECFindMe" */;
			buildPhases = (
				0D366B7D20C3C0C00013C06A /* Sources */,
				0D366B7E20C3C0C00013C06A /* Frameworks */,
				0D366B7F20C3C0C00013C06A /* Resources */,
			);
			buildRules = (
			);
			dependencies = (
			);
			name = ECFindMe;
			productName = ECFindMe;
			productReference = 0D366B8120C3C0C10013C06A /* ECFindMe.app */;
			productType = "com.apple.product-type.application";
		};
		0D366B9420C3C0C20013C06A /* ECFindMeTests */ = {
			isa = PBXNativeTarget;
			buildConfigurationList = 0D366BAC20C3C0C20013C06A /* Build configuration list for PBXNativeTarget "ECFindMeTests" */;
			buildPhases = (
				0D366B9120C3C0C20013C06A /* Sources */,
				0D366B9220C3C0C20013C06A /* Frameworks */,
				0D366B9320C3C0C20013C06A /* Resources */,
			);
			buildRules = (
			);
			dependencies = (
				0D366B9720C3C0C20013C06A /* PBXTargetDependency */,
			);
			name = ECFindMeTests;
			productName = ECFindMeTests;
			productReference = 0D366B9520C3C0C20013C06A /* ECFindMeTests.xctest */;
			productType = "com.apple.product-type.bundle.unit-test";
		};
		0D366B9F20C3C0C20013C06A /* ECFindMeUITests */ = {
			isa = PBXNativeTarget;
			buildConfigurationList = 0D366BAF20C3C0C20013C06A /* Build configuration list for PBXNativeTarget "ECFindMeUITests" */;
			buildPhases = (
				0D366B9C20C3C0C20013C06A /* Sources */,
				0D366B9D20C3C0C20013C06A /* Frameworks */,
				0D366B9E20C3C0C20013C06A /* Resources */,
			);
			buildRules = (
			);
			dependencies = (
				0D366BA220C3C0C20013C06A /* PBXTargetDependency */,
			);
			name = ECFindMeUITests;
			productName = ECFindMeUITests;
			productReference = 0D366BA020C3C0C20013C06A /* ECFindMeUITests.xctest */;
			productType = "com.apple.product-type.bundle.ui-testing";
		};
/* End PBXNativeTarget section */

/* Begin PBXProject section */
		0D366B7920C3C0C00013C06A /* Project object */ = {
			isa = PBXProject;
			attributes = {
				LastSwiftUpdateCheck = 0930;
				LastUpgradeCheck = 0930;
				ORGANIZATIONNAME = "Ryerson Student";
				TargetAttributes = {
					0D366B8020C3C0C00013C06A = {
						CreatedOnToolsVersion = 9.3.1;
					};
					0D366B9420C3C0C20013C06A = {
						CreatedOnToolsVersion = 9.3.1;
						TestTargetID = 0D366B8020C3C0C00013C06A;
					};
					0D366B9F20C3C0C20013C06A = {
						CreatedOnToolsVersion = 9.3.1;
						TestTargetID = 0D366B8020C3C0C00013C06A;
					};
				};
			};
			buildConfigurationList = 0D366B7C20C3C0C00013C06A /* Build configuration list for PBXProject "ECFindMe" */;
			compatibilityVersion = "Xcode 9.3";
			developmentRegion = en;
			hasScannedForEncodings = 0;
			knownRegions = (
				en,
				Base,
			);
			mainGroup = 0D366B7820C3C0C00013C06A;
			productRefGroup = 0D366B8220C3C0C10013C06A /* Products */;
			projectDirPath = "";
			projectRoot = "";
			targets = (
				0D366B8020C3C0C00013C06A /* ECFindMe */,
				0D366B9420C3C0C20013C06A /* ECFindMeTests */,
				0D366B9F20C3C0C20013C06A /* ECFindMeUITests */,
			);
		};
/* End PBXProject section */

/* Begin PBXResourcesBuildPhase section */
		0D366B7F20C3C0C00013C06A /* Resources */ = {
			isa = PBXResourcesBuildPhase;
			buildActionMask = 2147483647;
			files = (
				0D366B8F20C3C0C20013C06A /* LaunchScreen.storyboard in Resources */,
				0D366B8C20C3C0C20013C06A /* Assets.xcassets in Resources */,
				0D366B8A20C3C0C10013C06A /* Main.storyboard in Resources */,
				0DCFC8A520CA1F4100BBFC45 /* LogViewController.storyboard in Resources */,
			);
			runOnlyForDeploymentPostprocessing = 0;
		};
		0D366B9320C3C0C20013C06A /* Resources */ = {
			isa = PBXResourcesBuildPhase;
			buildActionMask = 2147483647;
			files = (
			);
			runOnlyForDeploymentPostprocessing = 0;
		};
		0D366B9E20C3C0C20013C06A /* Resources */ = {
			isa = PBXResourcesBuildPhase;
			buildActionMask = 2147483647;
			files = (
			);
			runOnlyForDeploymentPostprocessing = 0;
		};
/* End PBXResourcesBuildPhase section */

/* Begin PBXSourcesBuildPhase section */
		0D366B7D20C3C0C00013C06A /* Sources */ = {
			isa = PBXSourcesBuildPhase;
			buildActionMask = 2147483647;
			files = (
				0D86174C20C673C200E4989B /* LocationList+CoreDataProperties.swift in Sources */,
				0DA4328220C5C58100FCAB33 /* DataModel.xcdatamodeld in Sources */,
				0D86174A20C673C200E4989B /* LocationItem+CoreDataProperties.swift in Sources */,
				0DCFC8AB20CA422900BBFC45 /* LogViewController.swift in Sources */,
				0D7328BE20C46B7F00222BD9 /* LockUsage.swift in Sources */,
				0D75CB7B20C750820073F582 /* DataBase.swift in Sources */,
				0D86174E20C6766A00E4989B /* CoreDataManager.swift in Sources */,
				0D366BC520C3CEB80013C06A /* TypeCastConv.swift in Sources */,
				0D86175020C70B0100E4989B /* CoreDataManagerExt.swift in Sources */,
				0D366BBD20C3CCE90013C06A /* DisplayAlert.swift in Sources */,
				0D366BC920C3DB810013C06A /* NaviUsage.swift in Sources */,
				0D123CB020C4D4FA00570780 /* UIAlertController.swift in Sources */,
				0D6E091520C6348900376C1F /* CustCLLocationManager.swift in Sources */,
				0D75CB7E20C750820073F582 /* AppSettings+CoreDataClass.swift in Sources */,
				0DCFC8AD20CA425B00BBFC45 /* NSObjectExt.swift in Sources */,
				0D366B8720C3C0C10013C06A /* ViewController.swift in Sources */,
				0D366B8520C3C0C10013C06A /* AppDelegate.swift in Sources */,
				0D86174920C673C200E4989B /* LocationItem+CoreDataClass.swift in Sources */,
				0D75CB7F20C750820073F582 /* AppSettings+CoreDataProperties.swift in Sources */,
				0D75807920C4C493005ECAF7 /* UINavigationControllerExt.swift in Sources */,
				0D366BC320C3CE9F0013C06A /* Reachability.swift in Sources */,
				0DCFC8AF20CA4A0300BBFC45 /* LogViewNaviController.swift in Sources */,
				0D86174B20C673C200E4989B /* LocationList+CoreDataClass.swift in Sources */,
				0D366BC020C3CDB60013C06A /* LocationManagerDelegate.swift in Sources */,
			);
			runOnlyForDeploymentPostprocessing = 0;
		};
		0D366B9120C3C0C20013C06A /* Sources */ = {
			isa = PBXSourcesBuildPhase;
			buildActionMask = 2147483647;
			files = (
				0D366B9A20C3C0C20013C06A /* ECFindMeTests.swift in Sources */,
			);
			runOnlyForDeploymentPostprocessing = 0;
		};
		0D366B9C20C3C0C20013C06A /* Sources */ = {
			isa = PBXSourcesBuildPhase;
			buildActionMask = 2147483647;
			files = (
				0D366BA520C3C0C20013C06A /* ECFindMeUITests.swift in Sources */,
			);
			runOnlyForDeploymentPostprocessing = 0;
		};
/* End PBXSourcesBuildPhase section */

/* Begin PBXTargetDependency section */
		0D366B9720C3C0C20013C06A /* PBXTargetDependency */ = {
			isa = PBXTargetDependency;
			target = 0D366B8020C3C0C00013C06A /* ECFindMe */;
			targetProxy = 0D366B9620C3C0C20013C06A /* PBXContainerItemProxy */;
		};
		0D366BA220C3C0C20013C06A /* PBXTargetDependency */ = {
			isa = PBXTargetDependency;
			target = 0D366B8020C3C0C00013C06A /* ECFindMe */;
			targetProxy = 0D366BA120C3C0C20013C06A /* PBXContainerItemProxy */;
		};
/* End PBXTargetDependency section */

/* Begin PBXVariantGroup section */
		0D366B8820C3C0C10013C06A /* Main.storyboard */ = {
			isa = PBXVariantGroup;
			children = (
				0D366B8920C3C0C10013C06A /* Base */,
			);
			name = Main.storyboard;
			sourceTree = "<group>";
		};
		0D366B8D20C3C0C20013C06A /* LaunchScreen.storyboard */ = {
			isa = PBXVariantGroup;
			children = (
				0D366B8E20C3C0C20013C06A /* Base */,
			);
			name = LaunchScreen.storyboard;
			sourceTree = "<group>";
		};
/* End PBXVariantGroup section */

/* Begin XCBuildConfiguration section */
		0D366BA720C3C0C20013C06A /* Debug */ = {
			isa = XCBuildConfiguration;
			buildSettings = {
				ALWAYS_SEARCH_USER_PATHS = NO;
				CLANG_ANALYZER_NONNULL = YES;
				CLANG_ANALYZER_NUMBER_OBJECT_CONVERSION = YES_AGGRESSIVE;
				CLANG_CXX_LANGUAGE_STANDARD = "gnu++14";
				CLANG_CXX_LIBRARY = "libc++";
				CLANG_ENABLE_MODULES = YES;
				CLANG_ENABLE_OBJC_ARC = YES;
				CLANG_ENABLE_OBJC_WEAK = YES;
				CLANG_WARN_BLOCK_CAPTURE_AUTORELEASING = YES;
				CLANG_WARN_BOOL_CONVERSION = YES;
				CLANG_WARN_COMMA = YES;
				CLANG_WARN_CONSTANT_CONVERSION = YES;
				CLANG_WARN_DEPRECATED_OBJC_IMPLEMENTATIONS = YES;
				CLANG_WARN_DIRECT_OBJC_ISA_USAGE = YES_ERROR;
				CLANG_WARN_DOCUMENTATION_COMMENTS = YES;
				CLANG_WARN_EMPTY_BODY = YES;
				CLANG_WARN_ENUM_CONVERSION = YES;
				CLANG_WARN_INFINITE_RECURSION = YES;
				CLANG_WARN_INT_CONVERSION = YES;
				CLANG_WARN_NON_LITERAL_NULL_CONVERSION = YES;
				CLANG_WARN_OBJC_IMPLICIT_RETAIN_SELF = YES;
				CLANG_WARN_OBJC_LITERAL_CONVERSION = YES;
				CLANG_WARN_OBJC_ROOT_CLASS = YES_ERROR;
				CLANG_WARN_RANGE_LOOP_ANALYSIS = YES;
				CLANG_WARN_STRICT_PROTOTYPES = YES;
				CLANG_WARN_SUSPICIOUS_MOVE = YES;
				CLANG_WARN_UNGUARDED_AVAILABILITY = YES_AGGRESSIVE;
				CLANG_WARN_UNREACHABLE_CODE = YES;
				CLANG_WARN__DUPLICATE_METHOD_MATCH = YES;
				CODE_SIGN_IDENTITY = "iPhone Developer";
				COPY_PHASE_STRIP = NO;
				DEBUG_INFORMATION_FORMAT = dwarf;
				ENABLE_STRICT_OBJC_MSGSEND = YES;
				ENABLE_TESTABILITY = YES;
				GCC_C_LANGUAGE_STANDARD = gnu11;
				GCC_DYNAMIC_NO_PIC = NO;
				GCC_NO_COMMON_BLOCKS = YES;
				GCC_OPTIMIZATION_LEVEL = 0;
				GCC_PREPROCESSOR_DEFINITIONS = (
					"DEBUG=1",
					"$(inherited)",
				);
				GCC_WARN_64_TO_32_BIT_CONVERSION = YES;
				GCC_WARN_ABOUT_RETURN_TYPE = YES_ERROR;
				GCC_WARN_UNDECLARED_SELECTOR = YES;
				GCC_WARN_UNINITIALIZED_AUTOS = YES_AGGRESSIVE;
				GCC_WARN_UNUSED_FUNCTION = YES;
				GCC_WARN_UNUSED_VARIABLE = YES;
				IPHONEOS_DEPLOYMENT_TARGET = 11.3;
				MTL_ENABLE_DEBUG_INFO = YES;
				ONLY_ACTIVE_ARCH = YES;
				SDKROOT = iphoneos;
				SWIFT_ACTIVE_COMPILATION_CONDITIONS = DEBUG;
				SWIFT_OPTIMIZATION_LEVEL = "-Onone";
			};
			name = Debug;
		};
		0D366BA820C3C0C20013C06A /* Release */ = {
			isa = XCBuildConfiguration;
			buildSettings = {
				ALWAYS_SEARCH_USER_PATHS = NO;
				CLANG_ANALYZER_NONNULL = YES;
				CLANG_ANALYZER_NUMBER_OBJECT_CONVERSION = YES_AGGRESSIVE;
				CLANG_CXX_LANGUAGE_STANDARD = "gnu++14";
				CLANG_CXX_LIBRARY = "libc++";
				CLANG_ENABLE_MODULES = YES;
				CLANG_ENABLE_OBJC_ARC = YES;
				CLANG_ENABLE_OBJC_WEAK = YES;
				CLANG_WARN_BLOCK_CAPTURE_AUTORELEASING = YES;
				CLANG_WARN_BOOL_CONVERSION = YES;
				CLANG_WARN_COMMA = YES;
				CLANG_WARN_CONSTANT_CONVERSION = YES;
				CLANG_WARN_DEPRECATED_OBJC_IMPLEMENTATIONS = YES;
				CLANG_WARN_DIRECT_OBJC_ISA_USAGE = YES_ERROR;
				CLANG_WARN_DOCUMENTATION_COMMENTS = YES;
				CLANG_WARN_EMPTY_BODY = YES;
				CLANG_WARN_ENUM_CONVERSION = YES;
				CLANG_WARN_INFINITE_RECURSION = YES;
				CLANG_WARN_INT_CONVERSION = YES;
				CLANG_WARN_NON_LITERAL_NULL_CONVERSION = YES;
				CLANG_WARN_OBJC_IMPLICIT_RETAIN_SELF = YES;
				CLANG_WARN_OBJC_LITERAL_CONVERSION = YES;
				CLANG_WARN_OBJC_ROOT_CLASS = YES_ERROR;
				CLANG_WARN_RANGE_LOOP_ANALYSIS = YES;
				CLANG_WARN_STRICT_PROTOTYPES = YES;
				CLANG_WARN_SUSPICIOUS_MOVE = YES;
				CLANG_WARN_UNGUARDED_AVAILABILITY = YES_AGGRESSIVE;
				CLANG_WARN_UNREACHABLE_CODE = YES;
				CLANG_WARN__DUPLICATE_METHOD_MATCH = YES;
				CODE_SIGN_IDENTITY = "iPhone Developer";
				COPY_PHASE_STRIP = NO;
				DEBUG_INFORMATION_FORMAT = "dwarf-with-dsym";
				ENABLE_NS_ASSERTIONS = NO;
				ENABLE_STRICT_OBJC_MSGSEND = YES;
				GCC_C_LANGUAGE_STANDARD = gnu11;
				GCC_NO_COMMON_BLOCKS = YES;
				GCC_WARN_64_TO_32_BIT_CONVERSION = YES;
				GCC_WARN_ABOUT_RETURN_TYPE = YES_ERROR;
				GCC_WARN_UNDECLARED_SELECTOR = YES;
				GCC_WARN_UNINITIALIZED_AUTOS = YES_AGGRESSIVE;
				GCC_WARN_UNUSED_FUNCTION = YES;
				GCC_WARN_UNUSED_VARIABLE = YES;
				IPHONEOS_DEPLOYMENT_TARGET = 11.3;
				MTL_ENABLE_DEBUG_INFO = NO;
				SDKROOT = iphoneos;
				SWIFT_COMPILATION_MODE = wholemodule;
				SWIFT_OPTIMIZATION_LEVEL = "-O";
				VALIDATE_PRODUCT = YES;
			};
			name = Release;
		};
		0D366BAA20C3C0C20013C06A /* Debug */ = {
			isa = XCBuildConfiguration;
			buildSettings = {
				ASSETCATALOG_COMPILER_APPICON_NAME = AppIcon;
				CODE_SIGN_STYLE = Automatic;
				DEVELOPMENT_TEAM = 2N7238GD4W;
				INFOPLIST_FILE = ECFindMe/Info.plist;
				IPHONEOS_DEPLOYMENT_TARGET = 8.3;
				LD_RUNPATH_SEARCH_PATHS = (
					"$(inherited)",
					"@executable_path/Frameworks",
				);
				PRODUCT_BUNDLE_IDENTIFIER = "Ryerson-University.ECFindMe";
				PRODUCT_NAME = "$(TARGET_NAME)";
				SWIFT_VERSION = 4.0;
				TARGETED_DEVICE_FAMILY = "1,2";
			};
			name = Debug;
		};
		0D366BAB20C3C0C20013C06A /* Release */ = {
			isa = XCBuildConfiguration;
			buildSettings = {
				ASSETCATALOG_COMPILER_APPICON_NAME = AppIcon;
				CODE_SIGN_STYLE = Automatic;
				DEVELOPMENT_TEAM = 2N7238GD4W;
				INFOPLIST_FILE = ECFindMe/Info.plist;
				IPHONEOS_DEPLOYMENT_TARGET = 8.3;
				LD_RUNPATH_SEARCH_PATHS = (
					"$(inherited)",
					"@executable_path/Frameworks",
				);
				PRODUCT_BUNDLE_IDENTIFIER = "Ryerson-University.ECFindMe";
				PRODUCT_NAME = "$(TARGET_NAME)";
				SWIFT_VERSION = 4.0;
				TARGETED_DEVICE_FAMILY = "1,2";
			};
			name = Release;
		};
		0D366BAD20C3C0C20013C06A /* Debug */ = {
			isa = XCBuildConfiguration;
			buildSettings = {
				ALWAYS_EMBED_SWIFT_STANDARD_LIBRARIES = YES;
				BUNDLE_LOADER = "$(TEST_HOST)";
				CODE_SIGN_STYLE = Automatic;
				DEVELOPMENT_TEAM = 2N7238GD4W;
				INFOPLIST_FILE = ECFindMeTests/Info.plist;
				LD_RUNPATH_SEARCH_PATHS = (
					"$(inherited)",
					"@executable_path/Frameworks",
					"@loader_path/Frameworks",
				);
				PRODUCT_BUNDLE_IDENTIFIER = "Ryerson-University.ECFindMeTests";
				PRODUCT_NAME = "$(TARGET_NAME)";
				SWIFT_VERSION = 4.0;
				TARGETED_DEVICE_FAMILY = "1,2";
				TEST_HOST = "$(BUILT_PRODUCTS_DIR)/ECFindMe.app/ECFindMe";
			};
			name = Debug;
		};
		0D366BAE20C3C0C20013C06A /* Release */ = {
			isa = XCBuildConfiguration;
			buildSettings = {
				ALWAYS_EMBED_SWIFT_STANDARD_LIBRARIES = YES;
				BUNDLE_LOADER = "$(TEST_HOST)";
				CODE_SIGN_STYLE = Automatic;
				DEVELOPMENT_TEAM = 2N7238GD4W;
				INFOPLIST_FILE = ECFindMeTests/Info.plist;
				LD_RUNPATH_SEARCH_PATHS = (
					"$(inherited)",
					"@executable_path/Frameworks",
					"@loader_path/Frameworks",
				);
				PRODUCT_BUNDLE_IDENTIFIER = "Ryerson-University.ECFindMeTests";
				PRODUCT_NAME = "$(TARGET_NAME)";
				SWIFT_VERSION = 4.0;
				TARGETED_DEVICE_FAMILY = "1,2";
				TEST_HOST = "$(BUILT_PRODUCTS_DIR)/ECFindMe.app/ECFindMe";
			};
			name = Release;
		};
		0D366BB020C3C0C20013C06A /* Debug */ = {
			isa = XCBuildConfiguration;
			buildSettings = {
				ALWAYS_EMBED_SWIFT_STANDARD_LIBRARIES = YES;
				CODE_SIGN_STYLE = Automatic;
				DEVELOPMENT_TEAM = 2N7238GD4W;
				INFOPLIST_FILE = ECFindMeUITests/Info.plist;
				LD_RUNPATH_SEARCH_PATHS = (
					"$(inherited)",
					"@executable_path/Frameworks",
					"@loader_path/Frameworks",
				);
				PRODUCT_BUNDLE_IDENTIFIER = "Ryerson-University.ECFindMeUITests";
				PRODUCT_NAME = "$(TARGET_NAME)";
				SWIFT_VERSION = 4.0;
				TARGETED_DEVICE_FAMILY = "1,2";
				TEST_TARGET_NAME = ECFindMe;
			};
			name = Debug;
		};
		0D366BB120C3C0C20013C06A /* Release */ = {
			isa = XCBuildConfiguration;
			buildSettings = {
				ALWAYS_EMBED_SWIFT_STANDARD_LIBRARIES = YES;
				CODE_SIGN_STYLE = Automatic;
				DEVELOPMENT_TEAM = 2N7238GD4W;
				INFOPLIST_FILE = ECFindMeUITests/Info.plist;
				LD_RUNPATH_SEARCH_PATHS = (
					"$(inherited)",
					"@executable_path/Frameworks",
					"@loader_path/Frameworks",
				);
				PRODUCT_BUNDLE_IDENTIFIER = "Ryerson-University.ECFindMeUITests";
				PRODUCT_NAME = "$(TARGET_NAME)";
				SWIFT_VERSION = 4.0;
				TARGETED_DEVICE_FAMILY = "1,2";
				TEST_TARGET_NAME = ECFindMe;
			};
			name = Release;
		};
/* End XCBuildConfiguration section */

/* Begin XCConfigurationList section */
		0D366B7C20C3C0C00013C06A /* Build configuration list for PBXProject "ECFindMe" */ = {
			isa = XCConfigurationList;
			buildConfigurations = (
				0D366BA720C3C0C20013C06A /* Debug */,
				0D366BA820C3C0C20013C06A /* Release */,
			);
			defaultConfigurationIsVisible = 0;
			defaultConfigurationName = Release;
		};
		0D366BA920C3C0C20013C06A /* Build configuration list for PBXNativeTarget "ECFindMe" */ = {
			isa = XCConfigurationList;
			buildConfigurations = (
				0D366BAA20C3C0C20013C06A /* Debug */,
				0D366BAB20C3C0C20013C06A /* Release */,
			);
			defaultConfigurationIsVisible = 0;
			defaultConfigurationName = Release;
		};
		0D366BAC20C3C0C20013C06A /* Build configuration list for PBXNativeTarget "ECFindMeTests" */ = {
			isa = XCConfigurationList;
			buildConfigurations = (
				0D366BAD20C3C0C20013C06A /* Debug */,
				0D366BAE20C3C0C20013C06A /* Release */,
			);
			defaultConfigurationIsVisible = 0;
			defaultConfigurationName = Release;
		};
		0D366BAF20C3C0C20013C06A /* Build configuration list for PBXNativeTarget "ECFindMeUITests" */ = {
			isa = XCConfigurationList;
			buildConfigurations = (
				0D366BB020C3C0C20013C06A /* Debug */,
				0D366BB120C3C0C20013C06A /* Release */,
			);
			defaultConfigurationIsVisible = 0;
			defaultConfigurationName = Release;
		};
/* End XCConfigurationList section */

/* Begin XCVersionGroup section */
		0DA4328020C5C58100FCAB33 /* DataModel.xcdatamodeld */ = {
			isa = XCVersionGroup;
			children = (
				0DA4328120C5C58100FCAB33 /* DataModel.xcdatamodel */,
			);
			currentVersion = 0DA4328120C5C58100FCAB33 /* DataModel.xcdatamodel */;
			path = DataModel.xcdatamodeld;
			sourceTree = "<group>";
			versionGroupType = wrapper.xcdatamodel;
		};
/* End XCVersionGroup section */
	};
	rootObject = 0D366B7920C3C0C00013C06A /* Project object */;
}
